
Microsoft Visual Studio Solution File, Format Version 12.00
# Visual Studio Version 16
VisualStudioVersion = 16.0.31624.102
MinimumVisualStudioVersion = 10.0.40219.1
Project("{FAE04EC0-301F-11D3-BF4B-00C04F79EFBC}") = "UserDefinedExcep", "UserDefinedExcep\UserDefinedExcep.csproj", "{8352A897-38E8-48BD-8CB3-BE7AF20D7F97}"
EndProject
Global
	GlobalSection(SolutionConfigurationPlatforms) = preSolution
		Debug|Any CPU = Debug|Any CPU
		Release|Any CPU = Release|Any CPU
	EndGlobalSection
	GlobalSection(ProjectConfigurationPlatforms) = postSolution
		{8352A897-38E8-48BD-8CB3-BE7AF20D7F97}.Debug|Any CPU.ActiveCfg = Debug|Any CPU
		{8352A897-38E8-48BD-8CB3-BE7AF20D7F97}.Debug|Any CPU.Build.0 = Debug|Any CPU
		{8352A897-38E8-48BD-8CB3-BE7AF20D7F97}.Release|Any CPU.ActiveCfg = Release|Any CPU
		{8352A897-38E8-48BD-8CB3-BE7AF20D7F97}.Release|Any CPU.Build.0 = Release|Any CPU
	EndGlobalSection
	GlobalSection(SolutionProperties) = preSolution
		HideSolutionNode = FALSE
	EndGlobalSection
	GlobalSection(ExtensibilityGlobals) = postSolution
		SolutionGuid = {38D4CD2F-59D0-43A0-BD99-28DD6DCA89CF}
	EndGlobalSection
EndGlobal
